{
  "name": "remove-auth-legacy-ids",
  "version": "1.0.0",
  "lockfileVersion": 3,
  "requires": true,
  "packages": {
    "": {
      "name": "remove-auth-legacy-ids",
      "version": "1.0.0",
      "license": "ISC",
      "dependencies": {
        "dotenv": "^17.2.1"
      }
    },
    "node_modules/dotenv": {
      "version": "17.2.1",
      "resolved": "https://registry.npmjs.org/dotenv/-/dotenv-17.2.1.tgz",
      "integrity": "sha512-kQhDYKZecqnM0fCnzI5eIv5L4cAe/iRI+HqMbO/hbRdTAeXDG+M9FjipUxNfbARuEg4iHIbhnhs78BCHNbSxEQ==",
      "license": "BSD-2-Clause",
      "engines": {
        "node": ">=12"
      },
      "funding": {
        "url": "https://dotenvx.com"
      }
    }
  }
}
