{
  "name": "blurhash-previews",
  "version": "1.0.0",
  "lockfileVersion": 1,
  "requires": true,
  "dependencies": {
    "blurhash": {
      "version": "1.1.5",
      "resolved": "https://registry.npmjs.org/blurhash/-/blurhash-1.1.5.tgz",
      "integrity": "sha512-a+LO3A2DfxTaTztsmkbLYmUzUeApi0LZuKalwbNmqAHR6HhJGMt1qSV/R3wc+w4DL28holjqO3Bg74aUGavGjg=="
    }
  }
}
