{
  "name": "uikit",
  "lockfileVersion": 2,
  "requires": true,
  "packages": {
    "": {
      "name": "uikit",
      "dependencies": {
        "@xstate/fsm": "^2.0.0"
      }
    },
    "node_modules/@xstate/fsm": {
      "version": "2.0.0",
      "resolved": "https://registry.npmjs.org/@xstate/fsm/-/fsm-2.0.0.tgz",
      "integrity": "sha512-p/zcvBMoU2ap5byMefLkR+AM+Eh99CU/SDEQeccgKlmFNOMDwphaRGqdk+emvel/SaGZ7Rf9sDvzAplLzLdEVQ=="
    }
  },
  "dependencies": {
    "@xstate/fsm": {
      "version": "2.0.0",
      "resolved": "https://registry.npmjs.org/@xstate/fsm/-/fsm-2.0.0.tgz",
      "integrity": "sha512-p/zcvBMoU2ap5byMefLkR+AM+Eh99CU/SDEQeccgKlmFNOMDwphaRGqdk+emvel/SaGZ7Rf9sDvzAplLzLdEVQ=="
    }
  }
}
