{
  "name": "sync-similar-books",
  "version": "1.0.0",
  "lockfileVersion": 3,
  "requires": true,
  "packages": {
    "": {
      "name": "sync-similar-books",
      "version": "1.0.0",
      "license": "ISC",
      "dependencies": {
        "playwright": "^1.31.2",
        "playwright-aws-lambda": "^0.10.0",
        "playwright-core": "^1.31.2"
      }
    },
    "node_modules/lambdafs": {
      "version": "2.1.1",
      "resolved": "https://registry.npmjs.org/lambdafs/-/lambdafs-2.1.1.tgz",
      "integrity": "sha512-x5k8JcoJWkWLvCVBzrl4pzvkEHSgSBqFjg3Dpsc4AcTMq7oUMym4cL/gRTZ6VM4mUMY+M0dIbQ+V1c1tsqqanQ==",
      "bundleDependencies": [
        "tar-fs"
      ],
      "dependencies": {
        "tar-fs": "*"
      },
      "bin": {
        "lambdafs": "bin/brotli.js"
      },
      "engines": {
        "node": ">= 10.16"
      }
    },
    "node_modules/lambdafs/node_modules/base64-js": {
      "version": "1.5.1",
      "funding": [
        {
          "type": "github",
          "url": "https://github.com/sponsors/feross"
        },
        {
          "type": "patreon",
          "url": "https://www.patreon.com/feross"
        },
        {
          "type": "consulting",
          "url": "https://feross.org/support"
        }
      ],
      "inBundle": true,
      "license": "MIT"
    },
    "node_modules/lambdafs/node_modules/bl": {
      "version": "4.1.0",
      "inBundle": true,
      "license": "MIT",
      "dependencies": {
        "buffer": "^5.5.0",
        "inherits": "^2.0.4",
        "readable-stream": "^3.4.0"
      }
    },
    "node_modules/lambdafs/node_modules/bl/node_modules/readable-stream": {
      "version": "3.6.0",
      "inBundle": true,
      "license": "MIT",
      "dependencies": {
        "inherits": "^2.0.3",
        "string_decoder": "^1.1.1",
        "util-deprecate": "^1.0.1"
      },
      "engines": {
        "node": ">= 6"
      }
    },
    "node_modules/lambdafs/node_modules/buffer": {
      "version": "5.7.1",
      "funding": [
        {
          "type": "github",
          "url": "https://github.com/sponsors/feross"
        },
        {
          "type": "patreon",
          "url": "https://www.patreon.com/feross"
        },
        {
          "type": "consulting",
          "url": "https://feross.org/support"
        }
      ],
      "inBundle": true,
      "license": "MIT",
      "dependencies": {
        "base64-js": "^1.3.1",
        "ieee754": "^1.1.13"
      }
    },
    "node_modules/lambdafs/node_modules/chownr": {
      "version": "1.1.4",
      "inBundle": true,
      "license": "ISC"
    },
    "node_modules/lambdafs/node_modules/end-of-stream": {
      "version": "1.4.4",
      "inBundle": true,
      "license": "MIT",
      "dependencies": {
        "once": "^1.4.0"
      }
    },
    "node_modules/lambdafs/node_modules/fs-constants": {
      "version": "1.0.0",
      "inBundle": true,
      "license": "MIT"
    },
    "node_modules/lambdafs/node_modules/ieee754": {
      "version": "1.2.1",
      "funding": [
        {
          "type": "github",
          "url": "https://github.com/sponsors/feross"
        },
        {
          "type": "patreon",
          "url": "https://www.patreon.com/feross"
        },
        {
          "type": "consulting",
          "url": "https://feross.org/support"
        }
      ],
      "inBundle": true,
      "license": "BSD-3-Clause"
    },
    "node_modules/lambdafs/node_modules/inherits": {
      "version": "2.0.4",
      "inBundle": true,
      "license": "ISC"
    },
    "node_modules/lambdafs/node_modules/mkdirp-classic": {
      "version": "0.5.3",
      "inBundle": true,
      "license": "MIT"
    },
    "node_modules/lambdafs/node_modules/once": {
      "version": "1.4.0",
      "inBundle": true,
      "license": "ISC",
      "dependencies": {
        "wrappy": "1"
      }
    },
    "node_modules/lambdafs/node_modules/pump": {
      "version": "3.0.0",
      "inBundle": true,
      "license": "MIT",
      "dependencies": {
        "end-of-stream": "^1.1.0",
        "once": "^1.3.1"
      }
    },
    "node_modules/lambdafs/node_modules/string_decoder": {
      "version": "1.1.1",
      "inBundle": true,
      "license": "MIT",
      "dependencies": {
        "safe-buffer": "~5.1.0"
      }
    },
    "node_modules/lambdafs/node_modules/string_decoder/node_modules/safe-buffer": {
      "version": "5.1.2",
      "inBundle": true,
      "license": "MIT"
    },
    "node_modules/lambdafs/node_modules/tar-fs": {
      "version": "2.1.1",
      "inBundle": true,
      "license": "MIT",
      "dependencies": {
        "chownr": "^1.1.1",
        "mkdirp-classic": "^0.5.2",
        "pump": "^3.0.0",
        "tar-stream": "^2.1.4"
      }
    },
    "node_modules/lambdafs/node_modules/tar-stream": {
      "version": "2.2.0",
      "inBundle": true,
      "license": "MIT",
      "dependencies": {
        "bl": "^4.0.3",
        "end-of-stream": "^1.4.1",
        "fs-constants": "^1.0.0",
        "inherits": "^2.0.3",
        "readable-stream": "^3.1.1"
      },
      "engines": {
        "node": ">=6"
      }
    },
    "node_modules/lambdafs/node_modules/tar-stream/node_modules/readable-stream": {
      "version": "3.6.0",
      "inBundle": true,
      "license": "MIT",
      "dependencies": {
        "inherits": "^2.0.3",
        "string_decoder": "^1.1.1",
        "util-deprecate": "^1.0.1"
      },
      "engines": {
        "node": ">= 6"
      }
    },
    "node_modules/lambdafs/node_modules/util-deprecate": {
      "version": "1.0.2",
      "inBundle": true,
      "license": "MIT"
    },
    "node_modules/lambdafs/node_modules/wrappy": {
      "version": "1.0.2",
      "inBundle": true,
      "license": "ISC"
    },
    "node_modules/playwright": {
      "version": "1.31.2",
      "resolved": "https://registry.npmjs.org/playwright/-/playwright-1.31.2.tgz",
      "integrity": "sha512-jpC47n2PKQNtzB7clmBuWh6ftBRS/Bt5EGLigJ9k2QAKcNeYXZkEaDH5gmvb6+AbcE0DO6GnXdbl9ogG6Eh+og==",
      "hasInstallScript": true,
      "dependencies": {
        "playwright-core": "1.31.2"
      },
      "bin": {
        "playwright": "cli.js"
      },
      "engines": {
        "node": ">=14"
      }
    },
    "node_modules/playwright-aws-lambda": {
      "version": "0.10.0",
      "resolved": "https://registry.npmjs.org/playwright-aws-lambda/-/playwright-aws-lambda-0.10.0.tgz",
      "integrity": "sha512-osGbx0Nwco6E9JZK/2Uq3lrQ5rmjLEQ9Iw0286wQZ93s+8Ok8IwOmzP765JGTRDvjd/5woE5qwICnhw9iPisOQ==",
      "dependencies": {
        "lambdafs": "^2.1.1"
      },
      "engines": {
        "node": ">= 8.0.0"
      },
      "peerDependencies": {
        "playwright-core": "^1"
      }
    },
    "node_modules/playwright-core": {
      "version": "1.31.2",
      "resolved": "https://registry.npmjs.org/playwright-core/-/playwright-core-1.31.2.tgz",
      "integrity": "sha512-a1dFgCNQw4vCsG7bnojZjDnPewZcw7tZUNFN0ZkcLYKj+mPmXvg4MpaaKZ5SgqPsOmqIf2YsVRkgqiRDxD+fDQ==",
      "bin": {
        "playwright": "cli.js"
      },
      "engines": {
        "node": ">=14"
      }
    }
  }
}
