{
  "name": "sync-similar-books",
  "version": "1.0.0",
  "lockfileVersion": 3,
  "requires": true,
  "packages": {
    "": {
      "name": "sync-similar-books",
      "version": "1.0.0",
      "license": "ISC",
      "dependencies": {
        "mysql": "^2.18.1",
        "playwright": "^1.31.2",
        "playwright-aws-lambda": "^0.10.0",
        "playwright-core": "^1.31.2"
      }
    },
    "node_modules/bignumber.js": {
      "version": "9.0.0",
      "resolved": "https://registry.npmjs.org/bignumber.js/-/bignumber.js-9.0.0.tgz",
      "integrity": "sha512-t/OYhhJ2SD+YGBQcjY8GzzDHEk9f3nerxjtfa6tlMXfe7frs/WozhvCNoGvpM0P3bNf3Gq5ZRMlGr5f3r4/N8A==",
      "engines": {
        "node": "*"
      }
    },
    "node_modules/core-util-is": {
      "version": "1.0.3",
      "resolved": "https://registry.npmjs.org/core-util-is/-/core-util-is-1.0.3.tgz",
      "integrity": "sha512-ZQBvi1DcpJ4GDqanjucZ2Hj3wEO5pZDS89BWbkcrvdxksJorwUDDZamX9ldFkp9aw2lmBDLgkObEA4DWNJ9FYQ=="
    },
    "node_modules/inherits": {
      "version": "2.0.4",
      "resolved": "https://registry.npmjs.org/inherits/-/inherits-2.0.4.tgz",
      "integrity": "sha512-k/vGaX4/Yla3WzyMCvTQOXYeIHvqOKtnqBduzTHpzpQZzAskKMhZ2K+EnBiSM9zGSoIFeMpXKxa4dYeZIQqewQ=="
    },
    "node_modules/isarray": {
      "version": "1.0.0",
      "resolved": "https://registry.npmjs.org/isarray/-/isarray-1.0.0.tgz",
      "integrity": "sha512-VLghIWNM6ELQzo7zwmcg0NmTVyWKYjvIeM83yjp0wRDTmUnrM678fQbcKBo6n2CJEF0szoG//ytg+TKla89ALQ=="
    },
    "node_modules/lambdafs": {
      "version": "2.1.1",
      "resolved": "https://registry.npmjs.org/lambdafs/-/lambdafs-2.1.1.tgz",
      "integrity": "sha512-x5k8JcoJWkWLvCVBzrl4pzvkEHSgSBqFjg3Dpsc4AcTMq7oUMym4cL/gRTZ6VM4mUMY+M0dIbQ+V1c1tsqqanQ==",
      "bundleDependencies": [
        "tar-fs"
      ],
      "dependencies": {
        "tar-fs": "*"
      },
      "bin": {
        "lambdafs": "bin/brotli.js"
      },
      "engines": {
        "node": ">= 10.16"
      }
    },
    "node_modules/lambdafs/node_modules/base64-js": {
      "version": "1.5.1",
      "funding": [
        {
          "type": "github",
          "url": "https://github.com/sponsors/feross"
        },
        {
          "type": "patreon",
          "url": "https://www.patreon.com/feross"
        },
        {
          "type": "consulting",
          "url": "https://feross.org/support"
        }
      ],
      "inBundle": true,
      "license": "MIT"
    },
    "node_modules/lambdafs/node_modules/bl": {
      "version": "4.1.0",
      "inBundle": true,
      "license": "MIT",
      "dependencies": {
        "buffer": "^5.5.0",
        "inherits": "^2.0.4",
        "readable-stream": "^3.4.0"
      }
    },
    "node_modules/lambdafs/node_modules/bl/node_modules/readable-stream": {
      "version": "3.6.0",
      "inBundle": true,
      "license": "MIT",
      "dependencies": {
        "inherits": "^2.0.3",
        "string_decoder": "^1.1.1",
        "util-deprecate": "^1.0.1"
      },
      "engines": {
        "node": ">= 6"
      }
    },
    "node_modules/lambdafs/node_modules/buffer": {
      "version": "5.7.1",
      "funding": [
        {
          "type": "github",
          "url": "https://github.com/sponsors/feross"
        },
        {
          "type": "patreon",
          "url": "https://www.patreon.com/feross"
        },
        {
          "type": "consulting",
          "url": "https://feross.org/support"
        }
      ],
      "inBundle": true,
      "license": "MIT",
      "dependencies": {
        "base64-js": "^1.3.1",
        "ieee754": "^1.1.13"
      }
    },
    "node_modules/lambdafs/node_modules/chownr": {
      "version": "1.1.4",
      "inBundle": true,
      "license": "ISC"
    },
    "node_modules/lambdafs/node_modules/end-of-stream": {
      "version": "1.4.4",
      "inBundle": true,
      "license": "MIT",
      "dependencies": {
        "once": "^1.4.0"
      }
    },
    "node_modules/lambdafs/node_modules/fs-constants": {
      "version": "1.0.0",
      "inBundle": true,
      "license": "MIT"
    },
    "node_modules/lambdafs/node_modules/ieee754": {
      "version": "1.2.1",
      "funding": [
        {
          "type": "github",
          "url": "https://github.com/sponsors/feross"
        },
        {
          "type": "patreon",
          "url": "https://www.patreon.com/feross"
        },
        {
          "type": "consulting",
          "url": "https://feross.org/support"
        }
      ],
      "inBundle": true,
      "license": "BSD-3-Clause"
    },
    "node_modules/lambdafs/node_modules/inherits": {
      "version": "2.0.4",
      "inBundle": true,
      "license": "ISC"
    },
    "node_modules/lambdafs/node_modules/mkdirp-classic": {
      "version": "0.5.3",
      "inBundle": true,
      "license": "MIT"
    },
    "node_modules/lambdafs/node_modules/once": {
      "version": "1.4.0",
      "inBundle": true,
      "license": "ISC",
      "dependencies": {
        "wrappy": "1"
      }
    },
    "node_modules/lambdafs/node_modules/pump": {
      "version": "3.0.0",
      "inBundle": true,
      "license": "MIT",
      "dependencies": {
        "end-of-stream": "^1.1.0",
        "once": "^1.3.1"
      }
    },
    "node_modules/lambdafs/node_modules/string_decoder": {
      "version": "1.1.1",
      "inBundle": true,
      "license": "MIT",
      "dependencies": {
        "safe-buffer": "~5.1.0"
      }
    },
    "node_modules/lambdafs/node_modules/string_decoder/node_modules/safe-buffer": {
      "version": "5.1.2",
      "inBundle": true,
      "license": "MIT"
    },
    "node_modules/lambdafs/node_modules/tar-fs": {
      "version": "2.1.1",
      "inBundle": true,
      "license": "MIT",
      "dependencies": {
        "chownr": "^1.1.1",
        "mkdirp-classic": "^0.5.2",
        "pump": "^3.0.0",
        "tar-stream": "^2.1.4"
      }
    },
    "node_modules/lambdafs/node_modules/tar-stream": {
      "version": "2.2.0",
      "inBundle": true,
      "license": "MIT",
      "dependencies": {
        "bl": "^4.0.3",
        "end-of-stream": "^1.4.1",
        "fs-constants": "^1.0.0",
        "inherits": "^2.0.3",
        "readable-stream": "^3.1.1"
      },
      "engines": {
        "node": ">=6"
      }
    },
    "node_modules/lambdafs/node_modules/tar-stream/node_modules/readable-stream": {
      "version": "3.6.0",
      "inBundle": true,
      "license": "MIT",
      "dependencies": {
        "inherits": "^2.0.3",
        "string_decoder": "^1.1.1",
        "util-deprecate": "^1.0.1"
      },
      "engines": {
        "node": ">= 6"
      }
    },
    "node_modules/lambdafs/node_modules/util-deprecate": {
      "version": "1.0.2",
      "inBundle": true,
      "license": "MIT"
    },
    "node_modules/lambdafs/node_modules/wrappy": {
      "version": "1.0.2",
      "inBundle": true,
      "license": "ISC"
    },
    "node_modules/mysql": {
      "version": "2.18.1",
      "resolved": "https://registry.npmjs.org/mysql/-/mysql-2.18.1.tgz",
      "integrity": "sha512-Bca+gk2YWmqp2Uf6k5NFEurwY/0td0cpebAucFpY/3jhrwrVGuxU2uQFCHjU19SJfje0yQvi+rVWdq78hR5lig==",
      "dependencies": {
        "bignumber.js": "9.0.0",
        "readable-stream": "2.3.7",
        "safe-buffer": "5.1.2",
        "sqlstring": "2.3.1"
      },
      "engines": {
        "node": ">= 0.6"
      }
    },
    "node_modules/playwright": {
      "version": "1.31.2",
      "resolved": "https://registry.npmjs.org/playwright/-/playwright-1.31.2.tgz",
      "integrity": "sha512-jpC47n2PKQNtzB7clmBuWh6ftBRS/Bt5EGLigJ9k2QAKcNeYXZkEaDH5gmvb6+AbcE0DO6GnXdbl9ogG6Eh+og==",
      "hasInstallScript": true,
      "dependencies": {
        "playwright-core": "1.31.2"
      },
      "bin": {
        "playwright": "cli.js"
      },
      "engines": {
        "node": ">=14"
      }
    },
    "node_modules/playwright-aws-lambda": {
      "version": "0.10.0",
      "resolved": "https://registry.npmjs.org/playwright-aws-lambda/-/playwright-aws-lambda-0.10.0.tgz",
      "integrity": "sha512-osGbx0Nwco6E9JZK/2Uq3lrQ5rmjLEQ9Iw0286wQZ93s+8Ok8IwOmzP765JGTRDvjd/5woE5qwICnhw9iPisOQ==",
      "dependencies": {
        "lambdafs": "^2.1.1"
      },
      "engines": {
        "node": ">= 8.0.0"
      },
      "peerDependencies": {
        "playwright-core": "^1"
      }
    },
    "node_modules/playwright-core": {
      "version": "1.31.2",
      "resolved": "https://registry.npmjs.org/playwright-core/-/playwright-core-1.31.2.tgz",
      "integrity": "sha512-a1dFgCNQw4vCsG7bnojZjDnPewZcw7tZUNFN0ZkcLYKj+mPmXvg4MpaaKZ5SgqPsOmqIf2YsVRkgqiRDxD+fDQ==",
      "bin": {
        "playwright": "cli.js"
      },
      "engines": {
        "node": ">=14"
      }
    },
    "node_modules/process-nextick-args": {
      "version": "2.0.1",
      "resolved": "https://registry.npmjs.org/process-nextick-args/-/process-nextick-args-2.0.1.tgz",
      "integrity": "sha512-3ouUOpQhtgrbOa17J7+uxOTpITYWaGP7/AhoR3+A+/1e9skrzelGi/dXzEYyvbxubEF6Wn2ypscTKiKJFFn1ag=="
    },
    "node_modules/readable-stream": {
      "version": "2.3.7",
      "resolved": "https://registry.npmjs.org/readable-stream/-/readable-stream-2.3.7.tgz",
      "integrity": "sha512-Ebho8K4jIbHAxnuxi7o42OrZgF/ZTNcsZj6nRKyUmkhLFq8CHItp/fy6hQZuZmP/n3yZ9VBUbp4zz/mX8hmYPw==",
      "dependencies": {
        "core-util-is": "~1.0.0",
        "inherits": "~2.0.3",
        "isarray": "~1.0.0",
        "process-nextick-args": "~2.0.0",
        "safe-buffer": "~5.1.1",
        "string_decoder": "~1.1.1",
        "util-deprecate": "~1.0.1"
      }
    },
    "node_modules/safe-buffer": {
      "version": "5.1.2",
      "resolved": "https://registry.npmjs.org/safe-buffer/-/safe-buffer-5.1.2.tgz",
      "integrity": "sha512-Gd2UZBJDkXlY7GbJxfsE8/nvKkUEU1G38c1siN6QP6a9PT9MmHB8GnpscSmMJSoF8LOIrt8ud/wPtojys4G6+g=="
    },
    "node_modules/sqlstring": {
      "version": "2.3.1",
      "resolved": "https://registry.npmjs.org/sqlstring/-/sqlstring-2.3.1.tgz",
      "integrity": "sha512-ooAzh/7dxIG5+uDik1z/Rd1vli0+38izZhGzSa34FwR7IbelPWCCKSNIl8jlL/F7ERvy8CB2jNeM1E9i9mXMAQ==",
      "engines": {
        "node": ">= 0.6"
      }
    },
    "node_modules/string_decoder": {
      "version": "1.1.1",
      "resolved": "https://registry.npmjs.org/string_decoder/-/string_decoder-1.1.1.tgz",
      "integrity": "sha512-n/ShnvDi6FHbbVfviro+WojiFzv+s8MPMHBczVePfUpDJLwoLT0ht1l4YwBCbi8pJAveEEdnkHyPyTP/mzRfwg==",
      "dependencies": {
        "safe-buffer": "~5.1.0"
      }
    },
    "node_modules/util-deprecate": {
      "version": "1.0.2",
      "resolved": "https://registry.npmjs.org/util-deprecate/-/util-deprecate-1.0.2.tgz",
      "integrity": "sha512-EPD5q1uXyFxJpCrLnCc1nHnq3gOa6DZBocAIiI2TaSCA7VCJ1UJDMagCzIkXNsUYfD1daK//LTEQ8xiIbrHtcw=="
    }
  }
}
